<?xml version="1.0" encoding="utf-8"?>
<Project ToolsVersion="4.0" xmlns="http://schemas.microsoft.com/developer/msbuild/2003">
  <ItemGroup>
    <Filter Include="Исходные файлы">
      <UniqueIdentifier>{4FC737F1-C7A5-4376-A066-2A32D752A2FF}</UniqueIdentifier>
      <Extensions>cpp;c;cc;cxx;c++;cppm;ixx;def;odl;idl;hpj;bat;asm;asmx</Extensions>
    </Filter>
    <Filter Include="Файлы заголовков">
      <UniqueIdentifier>{93995380-89BD-4b04-88EB-625FBE52EBFB}</UniqueIdentifier>
      <Extensions>h;hh;hpp;hxx;h++;hm;inl;inc;ipp;xsd</Extensions>
    </Filter>
    <Filter Include="Файлы ресурсов">
      <UniqueIdentifier>{67DA6AB6-F800-4c08-8B7A-83BB121AAD01}</UniqueIdentifier>
      <Extensions>rc;ico;cur;bmp;dlg;rc2;rct;bin;rgs;gif;jpg;jpeg;jpe;resx;tiff;tif;png;wav;mfcribbon-ms</Extensions>
    </Filter>
  </ItemGroup>
  <ItemGroup>
    <ClCompile Include="Задача 22.cpp">
      <Filter>Исходные файлы</Filter>
    </ClCompile>
  </ItemGroup>
  <ItemGroup>
    <Text Include="Correct_data_udal1.txt">
      <Filter>Файлы ресурсов</Filter>
    </Text>
    <Text Include="Pustota.txt">
      <Filter>Файлы ресурсов</Filter>
    </Text>
    <Text Include="Num_ne_chislo.txt">
      <Filter>Файлы ресурсов</Filter>
    </Text>
    <Text Include="V_Massive_Ne_Chislo.txt">
      <Filter>Файлы ресурсов</Filter>
    </Text>
    <Text Include="Chislo_elementov_ravno_LEN_MAX_del_2.txt">
      <Filter>Файлы ресурсов</Filter>
    </Text>
    <Text Include="Chislo_elementov_bigger_LEN_MAX_del_2.txt">
      <Filter>Файлы ресурсов</Filter>
    </Text>
    <Text Include="i_Ne_Ravno_Num.txt">
      <Filter>Файлы ресурсов</Filter>
    </Text>
    <Text Include="Odinakovue.txt">
      <Filter>Файлы ресурсов</Filter>
    </Text>
    <Text Include="Correct_data_udal2.txt">
      <Filter>Файлы ресурсов</Filter>
    </Text>
    <Text Include="Correct_data_udal3.txt">
      <Filter>Файлы ресурсов</Filter>
    </Text>
    <Text Include="Correct_data_udal4.txt">
      <Filter>Файлы ресурсов</Filter>
    </Text>
    <Text Include="Num_Less_0.txt">
      <Filter>Файлы ресурсов</Filter>
    </Text>
    <Text Include="Dublir_vse_otricat.txt">
      <Filter>Файлы ресурсов</Filter>
    </Text>
    <Text Include="Dublir_vse_polog.txt">
      <Filter>Файлы ресурсов</Filter>
    </Text>
    <Text Include="Dublir_cheredovanie.txt">
      <Filter>Файлы ресурсов</Filter>
    </Text>
    <Text Include="Dublir_est_nol.txt">
      <Filter>Файлы ресурсов</Filter>
    </Text>
  </ItemGroup>
</Project>